// !$*UTF8*$!
{
	archiveVersion = 1;
	classes = {
	};
	objectVersion = 46;
	objects = {

/* Begin PBXBuildFile section */
		43BFEE77928B4E859045AC0F /* libPods-DoubleDoodleTests.a in Frameworks */ = {isa = PBXBuildFile; fileRef = 619D1BC1F9E84A26BF7A8C45 /* libPods-DoubleDoodleTests.a */; };
		E210670518B15CEF0078911E /* Localizable.strings in Resources */ = {isa = PBXBuildFile; fileRef = E210670718B15CEF0078911E /* Localizable.strings */; };
		E213BAB018B2A0CD00C44FB1 /* RotatingTwoColorDiscView.m in Sources */ = {isa = PBXBuildFile; fileRef = E213BAAF18B2A0CD00C44FB1 /* RotatingTwoColorDiscView.m */; };
		E213BAB618B2BD5500C44FB1 /* TwoColorTwinPanelView.m in Sources */ = {isa = PBXBuildFile; fileRef = E213BAB518B2BD5500C44FB1 /* TwoColorTwinPanelView.m */; };
		E213BABB18B2C9A300C44FB1 /* Default-568h@2x.png in Resources */ = {isa = PBXBuildFile; fileRef = E213BAB818B2C9A300C44FB1 /* Default-568h@2x.png */; };
		E213BABC18B2C9A300C44FB1 /* Default.png in Resources */ = {isa = PBXBuildFile; fileRef = E213BAB918B2C9A300C44FB1 /* Default.png */; };
		E213BABD18B2C9A300C44FB1 /* Default@2x.png in Resources */ = {isa = PBXBuildFile; fileRef = E213BABA18B2C9A300C44FB1 /* Default@2x.png */; };
		E250E0DD18AF80B600D1974E /* Foundation.framework in Frameworks */ = {isa = PBXBuildFile; fileRef = E250E0DC18AF80B600D1974E /* Foundation.framework */; };
		E250E0DF18AF80B600D1974E /* CoreGraphics.framework in Frameworks */ = {isa = PBXBuildFile; fileRef = E250E0DE18AF80B600D1974E /* CoreGraphics.framework */; };
		E250E0E118AF80B600D1974E /* UIKit.framework in Frameworks */ = {isa = PBXBuildFile; fileRef = E250E0E018AF80B600D1974E /* UIKit.framework */; };
		E250E0E718AF80B600D1974E /* InfoPlist.strings in Resources */ = {isa = PBXBuildFile; fileRef = E250E0E518AF80B600D1974E /* InfoPlist.strings */; };
		E250E0E918AF80B600D1974E /* main.m in Sources */ = {isa = PBXBuildFile; fileRef = E250E0E818AF80B600D1974E /* main.m */; };
		E250E0ED18AF80B600D1974E /* DDDAppDelegate.m in Sources */ = {isa = PBXBuildFile; fileRef = E250E0EC18AF80B600D1974E /* DDDAppDelegate.m */; };
		E250E0EF18AF80B600D1974E /* Images.xcassets in Resources */ = {isa = PBXBuildFile; fileRef = E250E0EE18AF80B600D1974E /* Images.xcassets */; };
		E250E0F618AF80B600D1974E /* XCTest.framework in Frameworks */ = {isa = PBXBuildFile; fileRef = E250E0F518AF80B600D1974E /* XCTest.framework */; };
		E250E0F718AF80B600D1974E /* Foundation.framework in Frameworks */ = {isa = PBXBuildFile; fileRef = E250E0DC18AF80B600D1974E /* Foundation.framework */; };
		E250E0F818AF80B600D1974E /* UIKit.framework in Frameworks */ = {isa = PBXBuildFile; fileRef = E250E0E018AF80B600D1974E /* UIKit.framework */; };
		E250E10018AF80B600D1974E /* InfoPlist.strings in Resources */ = {isa = PBXBuildFile; fileRef = E250E0FE18AF80B600D1974E /* InfoPlist.strings */; };
		E250E11818AF893300D1974E /* DDDDoodleContainerViewController.m in Sources */ = {isa = PBXBuildFile; fileRef = E250E11718AF893300D1974E /* DDDDoodleContainerViewController.m */; };
		E250E11918AF893300D1974E /* DDDDoodleContainerViewController.m in Sources */ = {isa = PBXBuildFile; fileRef = E250E11718AF893300D1974E /* DDDDoodleContainerViewController.m */; };
		E250E11C18AF8D1000D1974E /* DDDDoodleViewController.m in Sources */ = {isa = PBXBuildFile; fileRef = E250E11B18AF8D1000D1974E /* DDDDoodleViewController.m */; };
		E250E11D18AF8D1000D1974E /* DDDDoodleViewController.m in Sources */ = {isa = PBXBuildFile; fileRef = E250E11B18AF8D1000D1974E /* DDDDoodleViewController.m */; };
		E250E12518AF8E1A00D1974E /* SmoothLineView.m in Sources */ = {isa = PBXBuildFile; fileRef = E250E12418AF8E1A00D1974E /* SmoothLineView.m */; };
		E250E12618AF8E1A00D1974E /* SmoothLineView.m in Sources */ = {isa = PBXBuildFile; fileRef = E250E12418AF8E1A00D1974E /* SmoothLineView.m */; };
		E250E12A18AF8E6C00D1974E /* DDDDoodleView.m in Sources */ = {isa = PBXBuildFile; fileRef = E250E12918AF8E6C00D1974E /* DDDDoodleView.m */; };
		E250E12B18AF8E6C00D1974E /* DDDDoodleView.m in Sources */ = {isa = PBXBuildFile; fileRef = E250E12918AF8E6C00D1974E /* DDDDoodleView.m */; };
		E250E13018AFB3D000D1974E /* DDDDoodleContainerViewController+DoodleViewTransitions.m in Sources */ = {isa = PBXBuildFile; fileRef = E250E12F18AFB3D000D1974E /* DDDDoodleContainerViewController+DoodleViewTransitions.m */; };
		E250E13118AFB3D000D1974E /* DDDDoodleContainerViewController+DoodleViewTransitions.m in Sources */ = {isa = PBXBuildFile; fileRef = E250E12F18AFB3D000D1974E /* DDDDoodleContainerViewController+DoodleViewTransitions.m */; };
		E29283CC18B18F0400DC0809 /* AppIcon29.png in Resources */ = {isa = PBXBuildFile; fileRef = E29283C418B18F0400DC0809 /* AppIcon29.png */; };
		E29283CD18B18F0400DC0809 /* AppIcon40.png in Resources */ = {isa = PBXBuildFile; fileRef = E29283C518B18F0400DC0809 /* AppIcon40.png */; };
		E29283CE18B18F0400DC0809 /* AppIcon58.png in Resources */ = {isa = PBXBuildFile; fileRef = E29283C618B18F0400DC0809 /* AppIcon58.png */; };
		E29283CF18B18F0400DC0809 /* AppIcon60.png in Resources */ = {isa = PBXBuildFile; fileRef = E29283C718B18F0400DC0809 /* AppIcon60.png */; };
		E29283D018B18F0400DC0809 /* AppIcon76.png in Resources */ = {isa = PBXBuildFile; fileRef = E29283C818B18F0400DC0809 /* AppIcon76.png */; };
		E29283D118B18F0400DC0809 /* AppIcon80.png in Resources */ = {isa = PBXBuildFile; fileRef = E29283C918B18F0400DC0809 /* AppIcon80.png */; };
		E29283D218B18F0400DC0809 /* AppIcon120.png in Resources */ = {isa = PBXBuildFile; fileRef = E29283CA18B18F0400DC0809 /* AppIcon120.png */; };
		E29283D318B18F0400DC0809 /* AppIcon152.png in Resources */ = {isa = PBXBuildFile; fileRef = E29283CB18B18F0400DC0809 /* AppIcon152.png */; };
		E2E97E9C18B01B7D000550AD /* DDDPhotoPersistanceManager.m in Sources */ = {isa = PBXBuildFile; fileRef = E2E97E9B18B01B7D000550AD /* DDDPhotoPersistanceManager.m */; };
		E2E97E9F18B022EB000550AD /* UIImage+UIViews.m in Sources */ = {isa = PBXBuildFile; fileRef = E2E97E9E18B022EB000550AD /* UIImage+UIViews.m */; };
		ECC2518F9F994102ACC9CA8A /* libPods.a in Frameworks */ = {isa = PBXBuildFile; fileRef = 9EFF8470F2D8474AA329C59F /* libPods.a */; };
/* End PBXBuildFile section */

/* Begin PBXContainerItemProxy section */
		E250E0F918AF80B600D1974E /* PBXContainerItemProxy */ = {
			isa = PBXContainerItemProxy;
			containerPortal = E250E0D118AF80B600D1974E /* Project object */;
			proxyType = 1;
			remoteGlobalIDString = E250E0D818AF80B600D1974E;
			remoteInfo = DoubleDoodle;
		};
/* End PBXContainerItemProxy section */

/* Begin PBXFileReference section */
		42A0CA88D5CA4AE8846F610C /* Pods.xcconfig */ = {isa = PBXFileReference; includeInIndex = 1; lastKnownFileType = text.xcconfig; name = Pods.xcconfig; path = Pods/Pods.xcconfig; sourceTree = "<group>"; };
		4667CE8DFFFB4C46AB0DB57F /* Pods-DoubleDoodleTests.xcconfig */ = {isa = PBXFileReference; includeInIndex = 1; lastKnownFileType = text.xcconfig; name = "Pods-DoubleDoodleTests.xcconfig"; path = "Pods/Pods-DoubleDoodleTests.xcconfig"; sourceTree = "<group>"; };
		619D1BC1F9E84A26BF7A8C45 /* libPods-DoubleDoodleTests.a */ = {isa = PBXFileReference; explicitFileType = archive.ar; includeInIndex = 0; path = "libPods-DoubleDoodleTests.a"; sourceTree = BUILT_PRODUCTS_DIR; };
		9EFF8470F2D8474AA329C59F /* libPods.a */ = {isa = PBXFileReference; explicitFileType = archive.ar; includeInIndex = 0; path = libPods.a; sourceTree = BUILT_PRODUCTS_DIR; };
		E210670618B15CEF0078911E /* en */ = {isa = PBXFileReference; lastKnownFileType = text.plist.strings; name = en; path = en.lproj/Localizable.strings; sourceTree = "<group>"; };
		E210670818B15DBB0078911E /* es */ = {isa = PBXFileReference; lastKnownFileType = text.plist.strings; name = es; path = es.lproj/InfoPlist.strings; sourceTree = "<group>"; };
		E210670918B15DBB0078911E /* es */ = {isa = PBXFileReference; lastKnownFileType = text.plist.strings; name = es; path = es.lproj/Localizable.strings; sourceTree = "<group>"; };
		E213BAAE18B2A0CD00C44FB1 /* RotatingTwoColorDiscView.h */ = {isa = PBXFileReference; fileEncoding = 4; lastKnownFileType = sourcecode.c.h; path = RotatingTwoColorDiscView.h; sourceTree = "<group>"; };
		E213BAAF18B2A0CD00C44FB1 /* RotatingTwoColorDiscView.m */ = {isa = PBXFileReference; fileEncoding = 4; lastKnownFileType = sourcecode.c.objc; path = RotatingTwoColorDiscView.m; sourceTree = "<group>"; };
		E213BAB418B2BD5500C44FB1 /* TwoColorTwinPanelView.h */ = {isa = PBXFileReference; fileEncoding = 4; lastKnownFileType = sourcecode.c.h; path = TwoColorTwinPanelView.h; sourceTree = "<group>"; };
		E213BAB518B2BD5500C44FB1 /* TwoColorTwinPanelView.m */ = {isa = PBXFileReference; fileEncoding = 4; lastKnownFileType = sourcecode.c.objc; path = TwoColorTwinPanelView.m; sourceTree = "<group>"; };
		E213BAB818B2C9A300C44FB1 /* Default-568h@2x.png */ = {isa = PBXFileReference; lastKnownFileType = image.png; path = "Default-568h@2x.png"; sourceTree = "<group>"; };
		E213BAB918B2C9A300C44FB1 /* Default.png */ = {isa = PBXFileReference; lastKnownFileType = image.png; path = Default.png; sourceTree = "<group>"; };
		E213BABA18B2C9A300C44FB1 /* Default@2x.png */ = {isa = PBXFileReference; lastKnownFileType = image.png; path = "Default@2x.png"; sourceTree = "<group>"; };
		E250E0D918AF80B600D1974E /* DoubleDoodle.app */ = {isa = PBXFileReference; explicitFileType = wrapper.application; includeInIndex = 0; path = DoubleDoodle.app; sourceTree = BUILT_PRODUCTS_DIR; };
		E250E0DC18AF80B600D1974E /* Foundation.framework */ = {isa = PBXFileReference; lastKnownFileType = wrapper.framework; name = Foundation.framework; path = System/Library/Frameworks/Foundation.framework; sourceTree = SDKROOT; };
		E250E0DE18AF80B600D1974E /* CoreGraphics.framework */ = {isa = PBXFileReference; lastKnownFileType = wrapper.framework; name = CoreGraphics.framework; path = System/Library/Frameworks/CoreGraphics.framework; sourceTree = SDKROOT; };
		E250E0E018AF80B600D1974E /* UIKit.framework */ = {isa = PBXFileReference; lastKnownFileType = wrapper.framework; name = UIKit.framework; path = System/Library/Frameworks/UIKit.framework; sourceTree = SDKROOT; };
		E250E0E418AF80B600D1974E /* DoubleDoodle-Info.plist */ = {isa = PBXFileReference; lastKnownFileType = text.plist.xml; path = "DoubleDoodle-Info.plist"; sourceTree = "<group>"; };
		E250E0E618AF80B600D1974E /* en */ = {isa = PBXFileReference; lastKnownFileType = text.plist.strings; name = en; path = en.lproj/InfoPlist.strings; sourceTree = "<group>"; };
		E250E0E818AF80B600D1974E /* main.m */ = {isa = PBXFileReference; lastKnownFileType = sourcecode.c.objc; path = main.m; sourceTree = "<group>"; };
		E250E0EA18AF80B600D1974E /* DoubleDoodle-Prefix.pch */ = {isa = PBXFileReference; lastKnownFileType = sourcecode.c.h; path = "DoubleDoodle-Prefix.pch"; sourceTree = "<group>"; };
		E250E0EB18AF80B600D1974E /* DDDAppDelegate.h */ = {isa = PBXFileReference; lastKnownFileType = sourcecode.c.h; path = DDDAppDelegate.h; sourceTree = "<group>"; };
		E250E0EC18AF80B600D1974E /* DDDAppDelegate.m */ = {isa = PBXFileReference; lastKnownFileType = sourcecode.c.objc; path = DDDAppDelegate.m; sourceTree = "<group>"; };
		E250E0EE18AF80B600D1974E /* Images.xcassets */ = {isa = PBXFileReference; lastKnownFileType = folder.assetcatalog; path = Images.xcassets; sourceTree = "<group>"; };
		E250E0F418AF80B600D1974E /* DoubleDoodleTests.xctest */ = {isa = PBXFileReference; explicitFileType = wrapper.cfbundle; includeInIndex = 0; path = DoubleDoodleTests.xctest; sourceTree = BUILT_PRODUCTS_DIR; };
		E250E0F518AF80B600D1974E /* XCTest.framework */ = {isa = PBXFileReference; lastKnownFileType = wrapper.framework; name = XCTest.framework; path = Library/Frameworks/XCTest.framework; sourceTree = DEVELOPER_DIR; };
		E250E0FD18AF80B600D1974E /* DoubleDoodleTests-Info.plist */ = {isa = PBXFileReference; lastKnownFileType = text.plist.xml; path = "DoubleDoodleTests-Info.plist"; sourceTree = "<group>"; };
		E250E0FF18AF80B600D1974E /* en */ = {isa = PBXFileReference; lastKnownFileType = text.plist.strings; name = en; path = en.lproj/InfoPlist.strings; sourceTree = "<group>"; };
		E250E11618AF893300D1974E /* DDDDoodleContainerViewController.h */ = {isa = PBXFileReference; fileEncoding = 4; indentWidth = 2; lastKnownFileType = sourcecode.c.h; path = DDDDoodleContainerViewController.h; sourceTree = "<group>"; tabWidth = 2; };
		E250E11718AF893300D1974E /* DDDDoodleContainerViewController.m */ = {isa = PBXFileReference; fileEncoding = 4; indentWidth = 2; lastKnownFileType = sourcecode.c.objc; path = DDDDoodleContainerViewController.m; sourceTree = "<group>"; tabWidth = 2; };
		E250E11A18AF8D1000D1974E /* DDDDoodleViewController.h */ = {isa = PBXFileReference; fileEncoding = 4; indentWidth = 2; lastKnownFileType = sourcecode.c.h; path = DDDDoodleViewController.h; sourceTree = "<group>"; tabWidth = 2; };
		E250E11B18AF8D1000D1974E /* DDDDoodleViewController.m */ = {isa = PBXFileReference; fileEncoding = 4; indentWidth = 2; lastKnownFileType = sourcecode.c.objc; path = DDDDoodleViewController.m; sourceTree = "<group>"; tabWidth = 2; };
		E250E12318AF8E1A00D1974E /* SmoothLineView.h */ = {isa = PBXFileReference; fileEncoding = 4; lastKnownFileType = sourcecode.c.h; path = SmoothLineView.h; sourceTree = "<group>"; };
		E250E12418AF8E1A00D1974E /* SmoothLineView.m */ = {isa = PBXFileReference; fileEncoding = 4; indentWidth = 2; lastKnownFileType = sourcecode.c.objc; path = SmoothLineView.m; sourceTree = "<group>"; tabWidth = 2; };
		E250E12818AF8E6C00D1974E /* DDDDoodleView.h */ = {isa = PBXFileReference; fileEncoding = 4; indentWidth = 2; lastKnownFileType = sourcecode.c.h; path = DDDDoodleView.h; sourceTree = "<group>"; tabWidth = 2; };
		E250E12918AF8E6C00D1974E /* DDDDoodleView.m */ = {isa = PBXFileReference; fileEncoding = 4; indentWidth = 2; lastKnownFileType = sourcecode.c.objc; path = DDDDoodleView.m; sourceTree = "<group>"; tabWidth = 2; };
		E250E12E18AFB3D000D1974E /* DDDDoodleContainerViewController+DoodleViewTransitions.h */ = {isa = PBXFileReference; fileEncoding = 4; lastKnownFileType = sourcecode.c.h; path = "DDDDoodleContainerViewController+DoodleViewTransitions.h"; sourceTree = "<group>"; };
		E250E12F18AFB3D000D1974E /* DDDDoodleContainerViewController+DoodleViewTransitions.m */ = {isa = PBXFileReference; fileEncoding = 4; lastKnownFileType = sourcecode.c.objc; path = "DDDDoodleContainerViewController+DoodleViewTransitions.m"; sourceTree = "<group>"; };
		E29077D118B13EEA0079C396 /* QuartzCore.framework */ = {isa = PBXFileReference; lastKnownFileType = wrapper.framework; name = QuartzCore.framework; path = System/Library/Frameworks/QuartzCore.framework; sourceTree = SDKROOT; };
		E29283C418B18F0400DC0809 /* AppIcon29.png */ = {isa = PBXFileReference; lastKnownFileType = image.png; path = AppIcon29.png; sourceTree = "<group>"; };
		E29283C518B18F0400DC0809 /* AppIcon40.png */ = {isa = PBXFileReference; lastKnownFileType = image.png; path = AppIcon40.png; sourceTree = "<group>"; };
		E29283C618B18F0400DC0809 /* AppIcon58.png */ = {isa = PBXFileReference; lastKnownFileType = image.png; path = AppIcon58.png; sourceTree = "<group>"; };
		E29283C718B18F0400DC0809 /* AppIcon60.png */ = {isa = PBXFileReference; lastKnownFileType = image.png; path = AppIcon60.png; sourceTree = "<group>"; };
		E29283C818B18F0400DC0809 /* AppIcon76.png */ = {isa = PBXFileReference; lastKnownFileType = image.png; path = AppIcon76.png; sourceTree = "<group>"; };
		E29283C918B18F0400DC0809 /* AppIcon80.png */ = {isa = PBXFileReference; lastKnownFileType = image.png; path = AppIcon80.png; sourceTree = "<group>"; };
		E29283CA18B18F0400DC0809 /* AppIcon120.png */ = {isa = PBXFileReference; lastKnownFileType = image.png; path = AppIcon120.png; sourceTree = "<group>"; };
		E29283CB18B18F0400DC0809 /* AppIcon152.png */ = {isa = PBXFileReference; lastKnownFileType = image.png; path = AppIcon152.png; sourceTree = "<group>"; };
		E2E97E9A18B01B7D000550AD /* DDDPhotoPersistanceManager.h */ = {isa = PBXFileReference; fileEncoding = 4; lastKnownFileType = sourcecode.c.h; path = DDDPhotoPersistanceManager.h; sourceTree = "<group>"; };
		E2E97E9B18B01B7D000550AD /* DDDPhotoPersistanceManager.m */ = {isa = PBXFileReference; fileEncoding = 4; lastKnownFileType = sourcecode.c.objc; path = DDDPhotoPersistanceManager.m; sourceTree = "<group>"; };
		E2E97E9D18B022EB000550AD /* UIImage+UIViews.h */ = {isa = PBXFileReference; fileEncoding = 4; lastKnownFileType = sourcecode.c.h; path = "UIImage+UIViews.h"; sourceTree = "<group>"; };
		E2E97E9E18B022EB000550AD /* UIImage+UIViews.m */ = {isa = PBXFileReference; fileEncoding = 4; lastKnownFileType = sourcecode.c.objc; path = "UIImage+UIViews.m"; sourceTree = "<group>"; };
/* End PBXFileReference section */

/* Begin PBXFrameworksBuildPhase section */
		E250E0D618AF80B600D1974E /* Frameworks */ = {
			isa = PBXFrameworksBuildPhase;
			buildActionMask = 2147483647;
			files = (
				E250E0DF18AF80B600D1974E /* CoreGraphics.framework in Frameworks */,
				E250E0E118AF80B600D1974E /* UIKit.framework in Frameworks */,
				E250E0DD18AF80B600D1974E /* Foundation.framework in Frameworks */,
				ECC2518F9F994102ACC9CA8A /* libPods.a in Frameworks */,
			);
			runOnlyForDeploymentPostprocessing = 0;
		};
		E250E0F118AF80B600D1974E /* Frameworks */ = {
			isa = PBXFrameworksBuildPhase;
			buildActionMask = 2147483647;
			files = (
				E250E0F618AF80B600D1974E /* XCTest.framework in Frameworks */,
				E250E0F818AF80B600D1974E /* UIKit.framework in Frameworks */,
				E250E0F718AF80B600D1974E /* Foundation.framework in Frameworks */,
				43BFEE77928B4E859045AC0F /* libPods-DoubleDoodleTests.a in Frameworks */,
			);
			runOnlyForDeploymentPostprocessing = 0;
		};
/* End PBXFrameworksBuildPhase section */

/* Begin PBXGroup section */
		E213BAAD18B2A0A800C44FB1 /* View */ = {
			isa = PBXGroup;
			children = (
				E213BAB418B2BD5500C44FB1 /* TwoColorTwinPanelView.h */,
				E213BAB518B2BD5500C44FB1 /* TwoColorTwinPanelView.m */,
				E213BAAE18B2A0CD00C44FB1 /* RotatingTwoColorDiscView.h */,
				E213BAAF18B2A0CD00C44FB1 /* RotatingTwoColorDiscView.m */,
			);
			path = View;
			sourceTree = "<group>";
		};
		E213BAB718B2C73800C44FB1 /* LaunchImages */ = {
			isa = PBXGroup;
			children = (
				E213BAB818B2C9A300C44FB1 /* Default-568h@2x.png */,
				E213BAB918B2C9A300C44FB1 /* Default.png */,
				E213BABA18B2C9A300C44FB1 /* Default@2x.png */,
			);
			name = LaunchImages;
			sourceTree = "<group>";
		};
		E250E0D018AF80B600D1974E = {
			isa = PBXGroup;
			children = (
				E250E0E218AF80B600D1974E /* DoubleDoodle */,
				E250E0FB18AF80B600D1974E /* DoubleDoodleTests */,
				E250E0DB18AF80B600D1974E /* Frameworks */,
				E250E0DA18AF80B600D1974E /* Products */,
				4667CE8DFFFB4C46AB0DB57F /* Pods-DoubleDoodleTests.xcconfig */,
				42A0CA88D5CA4AE8846F610C /* Pods.xcconfig */,
			);
			sourceTree = "<group>";
		};
		E250E0DA18AF80B600D1974E /* Products */ = {
			isa = PBXGroup;
			children = (
				E250E0D918AF80B600D1974E /* DoubleDoodle.app */,
				E250E0F418AF80B600D1974E /* DoubleDoodleTests.xctest */,
			);
			name = Products;
			sourceTree = "<group>";
		};
		E250E0DB18AF80B600D1974E /* Frameworks */ = {
			isa = PBXGroup;
			children = (
				E29077D118B13EEA0079C396 /* QuartzCore.framework */,
				E250E0DC18AF80B600D1974E /* Foundation.framework */,
				E250E0DE18AF80B600D1974E /* CoreGraphics.framework */,
				E250E0E018AF80B600D1974E /* UIKit.framework */,
				E250E0F518AF80B600D1974E /* XCTest.framework */,
				619D1BC1F9E84A26BF7A8C45 /* libPods-DoubleDoodleTests.a */,
				9EFF8470F2D8474AA329C59F /* libPods.a */,
			);
			name = Frameworks;
			sourceTree = "<group>";
		};
		E250E0E218AF80B600D1974E /* DoubleDoodle */ = {
			isa = PBXGroup;
			children = (
				E29283C118B18EE100DC0809 /* Resources */,
				E250E12218AF8E0300D1974E /* 3rd Party */,
				E250E10E18AF80EE00D1974E /* Library */,
				E250E10F18AF811500D1974E /* Managers */,
				E250E10D18AF80D700D1974E /* Model */,
				E250E12718AF8E5A00D1974E /* View */,
				E250E10B18AF80CB00D1974E /* Controller */,
				E250E0EE18AF80B600D1974E /* Images.xcassets */,
				E250E0E318AF80B600D1974E /* Supporting Files */,
			);
			path = DoubleDoodle;
			sourceTree = "<group>";
		};
		E250E0E318AF80B600D1974E /* Supporting Files */ = {
			isa = PBXGroup;
			children = (
				E250E0EB18AF80B600D1974E /* DDDAppDelegate.h */,
				E250E0EC18AF80B600D1974E /* DDDAppDelegate.m */,
				E250E0E418AF80B600D1974E /* DoubleDoodle-Info.plist */,
				E250E0E518AF80B600D1974E /* InfoPlist.strings */,
				E250E0E818AF80B600D1974E /* main.m */,
				E250E0EA18AF80B600D1974E /* DoubleDoodle-Prefix.pch */,
				E210670718B15CEF0078911E /* Localizable.strings */,
			);
			name = "Supporting Files";
			sourceTree = "<group>";
		};
		E250E0FB18AF80B600D1974E /* DoubleDoodleTests */ = {
			isa = PBXGroup;
			children = (
				E250E0FC18AF80B600D1974E /* Supporting Files */,
			);
			path = DoubleDoodleTests;
			sourceTree = "<group>";
		};
		E250E0FC18AF80B600D1974E /* Supporting Files */ = {
			isa = PBXGroup;
			children = (
				E250E0FD18AF80B600D1974E /* DoubleDoodleTests-Info.plist */,
				E250E0FE18AF80B600D1974E /* InfoPlist.strings */,
			);
			name = "Supporting Files";
			sourceTree = "<group>";
		};
		E250E10B18AF80CB00D1974E /* Controller */ = {
			isa = PBXGroup;
			children = (
				E250E12C18AF9D8900D1974E /* Doodle Container VC */,
				E250E12D18AF9DA200D1974E /* Doodle VC */,
			);
			path = Controller;
			sourceTree = "<group>";
		};
		E250E10D18AF80D700D1974E /* Model */ = {
			isa = PBXGroup;
			children = (
			);
			path = Model;
			sourceTree = "<group>";
		};
		E250E10E18AF80EE00D1974E /* Library */ = {
			isa = PBXGroup;
			children = (
				E213BAAD18B2A0A800C44FB1 /* View */,
				E2E97EA018B0273B000550AD /* Categories */,
			);
			path = Library;
			sourceTree = "<group>";
		};
		E250E10F18AF811500D1974E /* Managers */ = {
			isa = PBXGroup;
			children = (
				E2E97E9A18B01B7D000550AD /* DDDPhotoPersistanceManager.h */,
				E2E97E9B18B01B7D000550AD /* DDDPhotoPersistanceManager.m */,
			);
			path = Managers;
			sourceTree = "<group>";
		};
		E250E12218AF8E0300D1974E /* 3rd Party */ = {
			isa = PBXGroup;
			children = (
				E250E12318AF8E1A00D1974E /* SmoothLineView.h */,
				E250E12418AF8E1A00D1974E /* SmoothLineView.m */,
			);
			path = "3rd Party";
			sourceTree = "<group>";
		};
		E250E12718AF8E5A00D1974E /* View */ = {
			isa = PBXGroup;
			children = (
				E250E12818AF8E6C00D1974E /* DDDDoodleView.h */,
				E250E12918AF8E6C00D1974E /* DDDDoodleView.m */,
			);
			path = View;
			sourceTree = "<group>";
		};
		E250E12C18AF9D8900D1974E /* Doodle Container VC */ = {
			isa = PBXGroup;
			children = (
				E250E11618AF893300D1974E /* DDDDoodleContainerViewController.h */,
				E250E11718AF893300D1974E /* DDDDoodleContainerViewController.m */,
			);
			name = "Doodle Container VC";
			sourceTree = "<group>";
		};
		E250E12D18AF9DA200D1974E /* Doodle VC */ = {
			isa = PBXGroup;
			children = (
				E250E11A18AF8D1000D1974E /* DDDDoodleViewController.h */,
				E250E11B18AF8D1000D1974E /* DDDDoodleViewController.m */,
			);
			name = "Doodle VC";
			sourceTree = "<group>";
		};
		E29283C118B18EE100DC0809 /* Resources */ = {
			isa = PBXGroup;
			children = (
				E29283C218B18EEA00DC0809 /* Images */,
			);
			path = Resources;
			sourceTree = "<group>";
		};
		E29283C218B18EEA00DC0809 /* Images */ = {
			isa = PBXGroup;
			children = (
				E213BAB718B2C73800C44FB1 /* LaunchImages */,
				E29283C318B18EEE00DC0809 /* AppIcons */,
			);
			path = Images;
			sourceTree = "<group>";
		};
		E29283C318B18EEE00DC0809 /* AppIcons */ = {
			isa = PBXGroup;
			children = (
				E29283C418B18F0400DC0809 /* AppIcon29.png */,
				E29283C518B18F0400DC0809 /* AppIcon40.png */,
				E29283C618B18F0400DC0809 /* AppIcon58.png */,
				E29283C718B18F0400DC0809 /* AppIcon60.png */,
				E29283C818B18F0400DC0809 /* AppIcon76.png */,
				E29283C918B18F0400DC0809 /* AppIcon80.png */,
				E29283CA18B18F0400DC0809 /* AppIcon120.png */,
				E29283CB18B18F0400DC0809 /* AppIcon152.png */,
			);
			name = AppIcons;
			sourceTree = "<group>";
		};
		E2E97EA018B0273B000550AD /* Categories */ = {
			isa = PBXGroup;
			children = (
				E250E12E18AFB3D000D1974E /* DDDDoodleContainerViewController+DoodleViewTransitions.h */,
				E250E12F18AFB3D000D1974E /* DDDDoodleContainerViewController+DoodleViewTransitions.m */,
				E2E97E9D18B022EB000550AD /* UIImage+UIViews.h */,
				E2E97E9E18B022EB000550AD /* UIImage+UIViews.m */,
			);
			path = Categories;
			sourceTree = "<group>";
		};
/* End PBXGroup section */

/* Begin PBXNativeTarget section */
		E250E0D818AF80B600D1974E /* DoubleDoodle */ = {
			isa = PBXNativeTarget;
			buildConfigurationList = E250E10518AF80B600D1974E /* Build configuration list for PBXNativeTarget "DoubleDoodle" */;
			buildPhases = (
				6B7EFA98A7F3436487AF3318 /* Check Pods Manifest.lock */,
				E250E0D518AF80B600D1974E /* Sources */,
				E250E0D618AF80B600D1974E /* Frameworks */,
				E250E0D718AF80B600D1974E /* Resources */,
				A473CC1EB30548DDA40325A2 /* Copy Pods Resources */,
			);
			buildRules = (
			);
			dependencies = (
			);
			name = DoubleDoodle;
			productName = DoubleDoodle;
			productReference = E250E0D918AF80B600D1974E /* DoubleDoodle.app */;
			productType = "com.apple.product-type.application";
		};
		E250E0F318AF80B600D1974E /* DoubleDoodleTests */ = {
			isa = PBXNativeTarget;
			buildConfigurationList = E250E10818AF80B600D1974E /* Build configuration list for PBXNativeTarget "DoubleDoodleTests" */;
			buildPhases = (
				F2C192AB435E4818A81739E6 /* Check Pods Manifest.lock */,
				E250E0F018AF80B600D1974E /* Sources */,
				E250E0F118AF80B600D1974E /* Frameworks */,
				E250E0F218AF80B600D1974E /* Resources */,
				8E589BDF264E4531A414DAA9 /* Copy Pods Resources */,
			);
			buildRules = (
			);
			dependencies = (
				E250E0FA18AF80B600D1974E /* PBXTargetDependency */,
			);
			name = DoubleDoodleTests;
			productName = DoubleDoodleTests;
			productReference = E250E0F418AF80B600D1974E /* DoubleDoodleTests.xctest */;
			productType = "com.apple.product-type.bundle.unit-test";
		};
/* End PBXNativeTarget section */

/* Begin PBXProject section */
		E250E0D118AF80B600D1974E /* Project object */ = {
			isa = PBXProject;
			attributes = {
				CLASSPREFIX = DDD;
				LastUpgradeCheck = 0500;
				ORGANIZATIONNAME = "Duchy Software";
				TargetAttributes = {
					E250E0F318AF80B600D1974E = {
						TestTargetID = E250E0D818AF80B600D1974E;
					};
				};
			};
			buildConfigurationList = E250E0D418AF80B600D1974E /* Build configuration list for PBXProject "DoubleDoodle" */;
			compatibilityVersion = "Xcode 3.2";
			developmentRegion = English;
			hasScannedForEncodings = 0;
			knownRegions = (
				en,
				es,
			);
			mainGroup = E250E0D018AF80B600D1974E;
			productRefGroup = E250E0DA18AF80B600D1974E /* Products */;
			projectDirPath = "";
			projectRoot = "";
			targets = (
				E250E0D818AF80B600D1974E /* DoubleDoodle */,
				E250E0F318AF80B600D1974E /* DoubleDoodleTests */,
			);
		};
/* End PBXProject section */

/* Begin PBXResourcesBuildPhase section */
		E250E0D718AF80B600D1974E /* Resources */ = {
			isa = PBXResourcesBuildPhase;
			buildActionMask = 2147483647;
			files = (
				E29283CD18B18F0400DC0809 /* AppIcon40.png in Resources */,
				E250E0E718AF80B600D1974E /* InfoPlist.strings in Resources */,
				E29283D318B18F0400DC0809 /* AppIcon152.png in Resources */,
				E29283D218B18F0400DC0809 /* AppIcon120.png in Resources */,
				E29283CC18B18F0400DC0809 /* AppIcon29.png in Resources */,
				E213BABB18B2C9A300C44FB1 /* Default-568h@2x.png in Resources */,
				E210670518B15CEF0078911E /* Localizable.strings in Resources */,
				E213BABC18B2C9A300C44FB1 /* Default.png in Resources */,
				E250E0EF18AF80B600D1974E /* Images.xcassets in Resources */,
				E29283D118B18F0400DC0809 /* AppIcon80.png in Resources */,
				E29283CF18B18F0400DC0809 /* AppIcon60.png in Resources */,
				E29283CE18B18F0400DC0809 /* AppIcon58.png in Resources */,
				E213BABD18B2C9A300C44FB1 /* Default@2x.png in Resources */,
				E29283D018B18F0400DC0809 /* AppIcon76.png in Resources */,
			);
			runOnlyForDeploymentPostprocessing = 0;
		};
		E250E0F218AF80B600D1974E /* Resources */ = {
			isa = PBXResourcesBuildPhase;
			buildActionMask = 2147483647;
			files = (
				E250E10018AF80B600D1974E /* InfoPlist.strings in Resources */,
			);
			runOnlyForDeploymentPostprocessing = 0;
		};
/* End PBXResourcesBuildPhase section */

/* Begin PBXShellScriptBuildPhase section */
		6B7EFA98A7F3436487AF3318 /* Check Pods Manifest.lock */ = {
			isa = PBXShellScriptBuildPhase;
			buildActionMask = 2147483647;
			files = (
			);
			inputPaths = (
			);
			name = "Check Pods Manifest.lock";
			outputPaths = (
			);
			runOnlyForDeploymentPostprocessing = 0;
			shellPath = /bin/sh;
			shellScript = "diff \"${PODS_ROOT}/../Podfile.lock\" \"${PODS_ROOT}/Manifest.lock\" > /dev/null\nif [[ $? != 0 ]] ; then\n    cat << EOM\nerror: The sandbox is not in sync with the Podfile.lock. Run 'pod install' or update your CocoaPods installation.\nEOM\n    exit 1\nfi\n";
			showEnvVarsInLog = 0;
		};
		8E589BDF264E4531A414DAA9 /* Copy Pods Resources */ = {
			isa = PBXShellScriptBuildPhase;
			buildActionMask = 2147483647;
			files = (
			);
			inputPaths = (
			);
			name = "Copy Pods Resources";
			outputPaths = (
			);
			runOnlyForDeploymentPostprocessing = 0;
			shellPath = /bin/sh;
			shellScript = "\"${SRCROOT}/Pods/Pods-DoubleDoodleTests-resources.sh\"\n";
			showEnvVarsInLog = 0;
		};
		A473CC1EB30548DDA40325A2 /* Copy Pods Resources */ = {
			isa = PBXShellScriptBuildPhase;
			buildActionMask = 2147483647;
			files = (
			);
			inputPaths = (
			);
			name = "Copy Pods Resources";
			outputPaths = (
			);
			runOnlyForDeploymentPostprocessing = 0;
			shellPath = /bin/sh;
			shellScript = "\"${SRCROOT}/Pods/Pods-resources.sh\"\n";
			showEnvVarsInLog = 0;
		};
		F2C192AB435E4818A81739E6 /* Check Pods Manifest.lock */ = {
			isa = PBXShellScriptBuildPhase;
			buildActionMask = 2147483647;
			files = (
			);
			inputPaths = (
			);
			name = "Check Pods Manifest.lock";
			outputPaths = (
			);
			runOnlyForDeploymentPostprocessing = 0;
			shellPath = /bin/sh;
			shellScript = "diff \"${PODS_ROOT}/../Podfile.lock\" \"${PODS_ROOT}/Manifest.lock\" > /dev/null\nif [[ $? != 0 ]] ; then\n    cat << EOM\nerror: The sandbox is not in sync with the Podfile.lock. Run 'pod install' or update your CocoaPods installation.\nEOM\n    exit 1\nfi\n";
			showEnvVarsInLog = 0;
		};
/* End PBXShellScriptBuildPhase section */

/* Begin PBXSourcesBuildPhase section */
		E250E0D518AF80B600D1974E /* Sources */ = {
			isa = PBXSourcesBuildPhase;
			buildActionMask = 2147483647;
			files = (
				E250E13018AFB3D000D1974E /* DDDDoodleContainerViewController+DoodleViewTransitions.m in Sources */,
				E2E97E9F18B022EB000550AD /* UIImage+UIViews.m in Sources */,
				E2E97E9C18B01B7D000550AD /* DDDPhotoPersistanceManager.m in Sources */,
				E250E12518AF8E1A00D1974E /* SmoothLineView.m in Sources */,
				E250E11818AF893300D1974E /* DDDDoodleContainerViewController.m in Sources */,
				E250E0E918AF80B600D1974E /* main.m in Sources */,
				E250E12A18AF8E6C00D1974E /* DDDDoodleView.m in Sources */,
				E250E11C18AF8D1000D1974E /* DDDDoodleViewController.m in Sources */,
				E213BAB618B2BD5500C44FB1 /* TwoColorTwinPanelView.m in Sources */,
				E250E0ED18AF80B600D1974E /* DDDAppDelegate.m in Sources */,
				E213BAB018B2A0CD00C44FB1 /* RotatingTwoColorDiscView.m in Sources */,
			);
			runOnlyForDeploymentPostprocessing = 0;
		};
		E250E0F018AF80B600D1974E /* Sources */ = {
			isa = PBXSourcesBuildPhase;
			buildActionMask = 2147483647;
			files = (
				E250E13118AFB3D000D1974E /* DDDDoodleContainerViewController+DoodleViewTransitions.m in Sources */,
				E250E12618AF8E1A00D1974E /* SmoothLineView.m in Sources */,
				E250E11918AF893300D1974E /* DDDDoodleContainerViewController.m in Sources */,
				E250E12B18AF8E6C00D1974E /* DDDDoodleView.m in Sources */,
				E250E11D18AF8D1000D1974E /* DDDDoodleViewController.m in Sources */,
			);
			runOnlyForDeploymentPostprocessing = 0;
		};
/* End PBXSourcesBuildPhase section */

/* Begin PBXTargetDependency section */
		E250E0FA18AF80B600D1974E /* PBXTargetDependency */ = {
			isa = PBXTargetDependency;
			target = E250E0D818AF80B600D1974E /* DoubleDoodle */;
			targetProxy = E250E0F918AF80B600D1974E /* PBXContainerItemProxy */;
		};
/* End PBXTargetDependency section */

/* Begin PBXVariantGroup section */
		E210670718B15CEF0078911E /* Localizable.strings */ = {
			isa = PBXVariantGroup;
			children = (
				E210670618B15CEF0078911E /* en */,
				E210670918B15DBB0078911E /* es */,
			);
			name = Localizable.strings;
			sourceTree = "<group>";
		};
		E250E0E518AF80B600D1974E /* InfoPlist.strings */ = {
			isa = PBXVariantGroup;
			children = (
				E250E0E618AF80B600D1974E /* en */,
				E210670818B15DBB0078911E /* es */,
			);
			name = InfoPlist.strings;
			sourceTree = "<group>";
		};
		E250E0FE18AF80B600D1974E /* InfoPlist.strings */ = {
			isa = PBXVariantGroup;
			children = (
				E250E0FF18AF80B600D1974E /* en */,
			);
			name = InfoPlist.strings;
			sourceTree = "<group>";
		};
/* End PBXVariantGroup section */

/* Begin XCBuildConfiguration section */
		E250E10318AF80B600D1974E /* Debug */ = {
			isa = XCBuildConfiguration;
			buildSettings = {
				ALWAYS_SEARCH_USER_PATHS = NO;
				ARCHS = "$(ARCHS_STANDARD_INCLUDING_64_BIT)";
				CLANG_CXX_LANGUAGE_STANDARD = "gnu++0x";
				CLANG_CXX_LIBRARY = "libc++";
				CLANG_ENABLE_MODULES = YES;
				CLANG_ENABLE_OBJC_ARC = YES;
				CLANG_WARN_BOOL_CONVERSION = YES;
				CLANG_WARN_CONSTANT_CONVERSION = YES;
				CLANG_WARN_DIRECT_OBJC_ISA_USAGE = YES_ERROR;
				CLANG_WARN_EMPTY_BODY = YES;
				CLANG_WARN_ENUM_CONVERSION = YES;
				CLANG_WARN_INT_CONVERSION = YES;
				CLANG_WARN_OBJC_ROOT_CLASS = YES_ERROR;
				CLANG_WARN__DUPLICATE_METHOD_MATCH = YES;
				"CODE_SIGN_IDENTITY[sdk=iphoneos*]" = "iPhone Developer";
				COPY_PHASE_STRIP = NO;
				GCC_C_LANGUAGE_STANDARD = gnu99;
				GCC_DYNAMIC_NO_PIC = NO;
				GCC_OPTIMIZATION_LEVEL = 0;
				GCC_PREPROCESSOR_DEFINITIONS = (
					"DEBUG=1",
					"$(inherited)",
				);
				GCC_SYMBOLS_PRIVATE_EXTERN = NO;
				GCC_WARN_64_TO_32_BIT_CONVERSION = YES;
				GCC_WARN_ABOUT_RETURN_TYPE = YES_ERROR;
				GCC_WARN_UNDECLARED_SELECTOR = YES;
				GCC_WARN_UNINITIALIZED_AUTOS = YES;
				GCC_WARN_UNUSED_FUNCTION = YES;
				GCC_WARN_UNUSED_VARIABLE = YES;
				IPHONEOS_DEPLOYMENT_TARGET = 7.0;
				ONLY_ACTIVE_ARCH = YES;
				SDKROOT = iphoneos;
			};
			name = Debug;
		};
		E250E10418AF80B600D1974E /* Release */ = {
			isa = XCBuildConfiguration;
			buildSettings = {
				ALWAYS_SEARCH_USER_PATHS = NO;
				ARCHS = "$(ARCHS_STANDARD_INCLUDING_64_BIT)";
				CLANG_CXX_LANGUAGE_STANDARD = "gnu++0x";
				CLANG_CXX_LIBRARY = "libc++";
				CLANG_ENABLE_MODULES = YES;
				CLANG_ENABLE_OBJC_ARC = YES;
				CLANG_WARN_BOOL_CONVERSION = YES;
				CLANG_WARN_CONSTANT_CONVERSION = YES;
				CLANG_WARN_DIRECT_OBJC_ISA_USAGE = YES_ERROR;
				CLANG_WARN_EMPTY_BODY = YES;
				CLANG_WARN_ENUM_CONVERSION = YES;
				CLANG_WARN_INT_CONVERSION = YES;
				CLANG_WARN_OBJC_ROOT_CLASS = YES_ERROR;
				CLANG_WARN__DUPLICATE_METHOD_MATCH = YES;
				"CODE_SIGN_IDENTITY[sdk=iphoneos*]" = "iPhone Developer";
				COPY_PHASE_STRIP = YES;
				ENABLE_NS_ASSERTIONS = NO;
				GCC_C_LANGUAGE_STANDARD = gnu99;
				GCC_WARN_64_TO_32_BIT_CONVERSION = YES;
				GCC_WARN_ABOUT_RETURN_TYPE = YES_ERROR;
				GCC_WARN_UNDECLARED_SELECTOR = YES;
				GCC_WARN_UNINITIALIZED_AUTOS = YES;
				GCC_WARN_UNUSED_FUNCTION = YES;
				GCC_WARN_UNUSED_VARIABLE = YES;
				IPHONEOS_DEPLOYMENT_TARGET = 7.0;
				SDKROOT = iphoneos;
				VALIDATE_PRODUCT = YES;
			};
			name = Release;
		};
		E250E10618AF80B600D1974E /* Debug */ = {
			isa = XCBuildConfiguration;
			baseConfigurationReference = 42A0CA88D5CA4AE8846F610C /* Pods.xcconfig */;
			buildSettings = {
				ASSETCATALOG_COMPILER_APPICON_NAME = AppIcon;
				GCC_PRECOMPILE_PREFIX_HEADER = YES;
				GCC_PREFIX_HEADER = "DoubleDoodle/DoubleDoodle-Prefix.pch";
				INFOPLIST_FILE = "DoubleDoodle/DoubleDoodle-Info.plist";
				IPHONEOS_DEPLOYMENT_TARGET = 7.0;
				PRODUCT_NAME = "$(TARGET_NAME)";
				TARGETED_DEVICE_FAMILY = "1,2";
				WRAPPER_EXTENSION = app;
			};
			name = Debug;
		};
		E250E10718AF80B600D1974E /* Release */ = {
			isa = XCBuildConfiguration;
			baseConfigurationReference = 42A0CA88D5CA4AE8846F610C /* Pods.xcconfig */;
			buildSettings = {
				ASSETCATALOG_COMPILER_APPICON_NAME = AppIcon;
				GCC_PRECOMPILE_PREFIX_HEADER = YES;
				GCC_PREFIX_HEADER = "DoubleDoodle/DoubleDoodle-Prefix.pch";
				INFOPLIST_FILE = "DoubleDoodle/DoubleDoodle-Info.plist";
				IPHONEOS_DEPLOYMENT_TARGET = 7.0;
				PRODUCT_NAME = "$(TARGET_NAME)";
				TARGETED_DEVICE_FAMILY = "1,2";
				WRAPPER_EXTENSION = app;
			};
			name = Release;
		};
		E250E10918AF80B600D1974E /* Debug */ = {
			isa = XCBuildConfiguration;
			baseConfigurationReference = 4667CE8DFFFB4C46AB0DB57F /* Pods-DoubleDoodleTests.xcconfig */;
			buildSettings = {
				ARCHS = "$(ARCHS_STANDARD_INCLUDING_64_BIT)";
				BUNDLE_LOADER = "$(BUILT_PRODUCTS_DIR)/DoubleDoodle.app/DoubleDoodle";
				FRAMEWORK_SEARCH_PATHS = (
					"$(SDKROOT)/Developer/Library/Frameworks",
					"$(inherited)",
					"$(DEVELOPER_FRAMEWORKS_DIR)",
				);
				GCC_PRECOMPILE_PREFIX_HEADER = YES;
				GCC_PREFIX_HEADER = "DoubleDoodle/DoubleDoodle-Prefix.pch";
				GCC_PREPROCESSOR_DEFINITIONS = (
					"DEBUG=1",
					"$(inherited)",
				);
				INFOPLIST_FILE = "DoubleDoodleTests/DoubleDoodleTests-Info.plist";
				PRODUCT_NAME = "$(TARGET_NAME)";
				TEST_HOST = "$(BUNDLE_LOADER)";
				WRAPPER_EXTENSION = xctest;
			};
			name = Debug;
		};
		E250E10A18AF80B600D1974E /* Release */ = {
			isa = XCBuildConfiguration;
			baseConfigurationReference = 4667CE8DFFFB4C46AB0DB57F /* Pods-DoubleDoodleTests.xcconfig */;
			buildSettings = {
				ARCHS = "$(ARCHS_STANDARD_INCLUDING_64_BIT)";
				BUNDLE_LOADER = "$(BUILT_PRODUCTS_DIR)/DoubleDoodle.app/DoubleDoodle";
				FRAMEWORK_SEARCH_PATHS = (
					"$(SDKROOT)/Developer/Library/Frameworks",
					"$(inherited)",
					"$(DEVELOPER_FRAMEWORKS_DIR)",
				);
				GCC_PRECOMPILE_PREFIX_HEADER = YES;
				GCC_PREFIX_HEADER = "DoubleDoodle/DoubleDoodle-Prefix.pch";
				INFOPLIST_FILE = "DoubleDoodleTests/DoubleDoodleTests-Info.plist";
				PRODUCT_NAME = "$(TARGET_NAME)";
				TEST_HOST = "$(BUNDLE_LOADER)";
				WRAPPER_EXTENSION = xctest;
			};
			name = Release;
		};
/* End XCBuildConfiguration section */

/* Begin XCConfigurationList section */
		E250E0D418AF80B600D1974E /* Build configuration list for PBXProject "DoubleDoodle" */ = {
			isa = XCConfigurationList;
			buildConfigurations = (
				E250E10318AF80B600D1974E /* Debug */,
				E250E10418AF80B600D1974E /* Release */,
			);
			defaultConfigurationIsVisible = 0;
			defaultConfigurationName = Release;
		};
		E250E10518AF80B600D1974E /* Build configuration list for PBXNativeTarget "DoubleDoodle" */ = {
			isa = XCConfigurationList;
			buildConfigurations = (
				E250E10618AF80B600D1974E /* Debug */,
				E250E10718AF80B600D1974E /* Release */,
			);
			defaultConfigurationIsVisible = 0;
			defaultConfigurationName = Release;
		};
		E250E10818AF80B600D1974E /* Build configuration list for PBXNativeTarget "DoubleDoodleTests" */ = {
			isa = XCConfigurationList;
			buildConfigurations = (
				E250E10918AF80B600D1974E /* Debug */,
				E250E10A18AF80B600D1974E /* Release */,
			);
			defaultConfigurationIsVisible = 0;
			defaultConfigurationName = Release;
		};
/* End XCConfigurationList section */
	};
	rootObject = E250E0D118AF80B600D1974E /* Project object */;
}
